// !$*UTF8*$!
{
	archiveVersion = 1;
	classes = {
	};
	objectVersion = 46;
	objects = {

/* Begin PBXBuildFile section */
		9C181D901B855A0200713A11 /* BrushMenuViewController.m in Sources */ = {isa = PBXBuildFile; fileRef = 9C181D8F1B855A0200713A11 /* BrushMenuViewController.m */; };
		9C181D961B85835500713A11 /* ASValuePopUpView.m in Sources */ = {isa = PBXBuildFile; fileRef = 9C181D931B85835500713A11 /* ASValuePopUpView.m */; };
		9C181D971B85835500713A11 /* ASValueTrackingSlider.m in Sources */ = {isa = PBXBuildFile; fileRef = 9C181D951B85835500713A11 /* ASValueTrackingSlider.m */; };
		9C181D9D1B86A82100713A11 /* GraffitoGadgets.m in Sources */ = {isa = PBXBuildFile; fileRef = 9C181D9C1B86A82100713A11 /* GraffitoGadgets.m */; };
		9CF9792A1B82ADB5005D87A7 /* main.m in Sources */ = {isa = PBXBuildFile; fileRef = 9CF979291B82ADB5005D87A7 /* main.m */; };
		9CF9792D1B82ADB5005D87A7 /* AppDelegate.m in Sources */ = {isa = PBXBuildFile; fileRef = 9CF9792C1B82ADB5005D87A7 /* AppDelegate.m */; };
		9CF979331B82ADB5005D87A7 /* Main.storyboard in Resources */ = {isa = PBXBuildFile; fileRef = 9CF979311B82ADB5005D87A7 /* Main.storyboard */; };
		9CF979351B82ADB5005D87A7 /* Images.xcassets in Resources */ = {isa = PBXBuildFile; fileRef = 9CF979341B82ADB5005D87A7 /* Images.xcassets */; };
		9CF979381B82ADB5005D87A7 /* LaunchScreen.xib in Resources */ = {isa = PBXBuildFile; fileRef = 9CF979361B82ADB5005D87A7 /* LaunchScreen.xib */; };
		9CF979441B82ADB5005D87A7 /* GraffitoDrawPadAppTests.m in Sources */ = {isa = PBXBuildFile; fileRef = 9CF979431B82ADB5005D87A7 /* GraffitoDrawPadAppTests.m */; };
		9CF9794F1B82B077005D87A7 /* DrawPadViewController.m in Sources */ = {isa = PBXBuildFile; fileRef = 9CF9794E1B82B077005D87A7 /* DrawPadViewController.m */; };
		9CF979521B82BAD5005D87A7 /* DrawPadUIView.m in Sources */ = {isa = PBXBuildFile; fileRef = 9CF979511B82BAD5005D87A7 /* DrawPadUIView.m */; };
		9CF9795A1B842519005D87A7 /* RWDropdownMenu.m in Sources */ = {isa = PBXBuildFile; fileRef = 9CF979551B842519005D87A7 /* RWDropdownMenu.m */; };
		9CF9795B1B842519005D87A7 /* RWDropdownMenuCell.m in Sources */ = {isa = PBXBuildFile; fileRef = 9CF979571B842519005D87A7 /* RWDropdownMenuCell.m */; };
		9CF9795C1B842519005D87A7 /* RWDropdownMenuTransitionController.m in Sources */ = {isa = PBXBuildFile; fileRef = 9CF979591B842519005D87A7 /* RWDropdownMenuTransitionController.m */; };
/* End PBXBuildFile section */

/* Begin PBXContainerItemProxy section */
		9CF9793E1B82ADB5005D87A7 /* PBXContainerItemProxy */ = {
			isa = PBXContainerItemProxy;
			containerPortal = 9CF9791C1B82ADB5005D87A7 /* Project object */;
			proxyType = 1;
			remoteGlobalIDString = 9CF979231B82ADB5005D87A7;
			remoteInfo = GraffitoDrawPadApp;
		};
/* End PBXContainerItemProxy section */

/* Begin PBXFileReference section */
		9C181D8E1B855A0200713A11 /* BrushMenuViewController.h */ = {isa = PBXFileReference; fileEncoding = 4; lastKnownFileType = sourcecode.c.h; path = BrushMenuViewController.h; sourceTree = "<group>"; };
		9C181D8F1B855A0200713A11 /* BrushMenuViewController.m */ = {isa = PBXFileReference; fileEncoding = 4; lastKnownFileType = sourcecode.c.objc; path = BrushMenuViewController.m; sourceTree = "<group>"; };
		9C181D921B85835500713A11 /* ASValuePopUpView.h */ = {isa = PBXFileReference; fileEncoding = 4; lastKnownFileType = sourcecode.c.h; path = ASValuePopUpView.h; sourceTree = "<group>"; };
		9C181D931B85835500713A11 /* ASValuePopUpView.m */ = {isa = PBXFileReference; fileEncoding = 4; lastKnownFileType = sourcecode.c.objc; path = ASValuePopUpView.m; sourceTree = "<group>"; };
		9C181D941B85835500713A11 /* ASValueTrackingSlider.h */ = {isa = PBXFileReference; fileEncoding = 4; lastKnownFileType = sourcecode.c.h; path = ASValueTrackingSlider.h; sourceTree = "<group>"; };
		9C181D951B85835500713A11 /* ASValueTrackingSlider.m */ = {isa = PBXFileReference; fileEncoding = 4; lastKnownFileType = sourcecode.c.objc; path = ASValueTrackingSlider.m; sourceTree = "<group>"; };
		9C181D9B1B86A82100713A11 /* GraffitoGadgets.h */ = {isa = PBXFileReference; fileEncoding = 4; lastKnownFileType = sourcecode.c.h; path = GraffitoGadgets.h; sourceTree = "<group>"; };
		9C181D9C1B86A82100713A11 /* GraffitoGadgets.m */ = {isa = PBXFileReference; fileEncoding = 4; lastKnownFileType = sourcecode.c.objc; path = GraffitoGadgets.m; sourceTree = "<group>"; };
		9CF979241B82ADB5005D87A7 /* GraffitoDrawPadApp.app */ = {isa = PBXFileReference; explicitFileType = wrapper.application; includeInIndex = 0; path = GraffitoDrawPadApp.app; sourceTree = BUILT_PRODUCTS_DIR; };
		9CF979281B82ADB5005D87A7 /* Info.plist */ = {isa = PBXFileReference; lastKnownFileType = text.plist.xml; path = Info.plist; sourceTree = "<group>"; };
		9CF979291B82ADB5005D87A7 /* main.m */ = {isa = PBXFileReference; lastKnownFileType = sourcecode.c.objc; path = main.m; sourceTree = "<group>"; };
		9CF9792B1B82ADB5005D87A7 /* AppDelegate.h */ = {isa = PBXFileReference; lastKnownFileType = sourcecode.c.h; path = AppDelegate.h; sourceTree = "<group>"; };
		9CF9792C1B82ADB5005D87A7 /* AppDelegate.m */ = {isa = PBXFileReference; lastKnownFileType = sourcecode.c.objc; path = AppDelegate.m; sourceTree = "<group>"; };
		9CF979321B82ADB5005D87A7 /* Base */ = {isa = PBXFileReference; lastKnownFileType = file.storyboard; name = Base; path = Base.lproj/Main.storyboard; sourceTree = "<group>"; };
		9CF979341B82ADB5005D87A7 /* Images.xcassets */ = {isa = PBXFileReference; lastKnownFileType = folder.assetcatalog; path = Images.xcassets; sourceTree = "<group>"; };
		9CF979371B82ADB5005D87A7 /* Base */ = {isa = PBXFileReference; lastKnownFileType = file.xib; name = Base; path = Base.lproj/LaunchScreen.xib; sourceTree = "<group>"; };
		9CF9793D1B82ADB5005D87A7 /* GraffitoDrawPadAppTests.xctest */ = {isa = PBXFileReference; explicitFileType = wrapper.cfbundle; includeInIndex = 0; path = GraffitoDrawPadAppTests.xctest; sourceTree = BUILT_PRODUCTS_DIR; };
		9CF979421B82ADB5005D87A7 /* Info.plist */ = {isa = PBXFileReference; lastKnownFileType = text.plist.xml; path = Info.plist; sourceTree = "<group>"; };
		9CF979431B82ADB5005D87A7 /* GraffitoDrawPadAppTests.m */ = {isa = PBXFileReference; lastKnownFileType = sourcecode.c.objc; path = GraffitoDrawPadAppTests.m; sourceTree = "<group>"; };
		9CF9794D1B82B077005D87A7 /* DrawPadViewController.h */ = {isa = PBXFileReference; fileEncoding = 4; lastKnownFileType = sourcecode.c.h; path = DrawPadViewController.h; sourceTree = "<group>"; };
		9CF9794E1B82B077005D87A7 /* DrawPadViewController.m */ = {isa = PBXFileReference; fileEncoding = 4; lastKnownFileType = sourcecode.c.objc; path = DrawPadViewController.m; sourceTree = "<group>"; };
		9CF979501B82BAD5005D87A7 /* DrawPadUIView.h */ = {isa = PBXFileReference; fileEncoding = 4; lastKnownFileType = sourcecode.c.h; path = DrawPadUIView.h; sourceTree = "<group>"; };
		9CF979511B82BAD5005D87A7 /* DrawPadUIView.m */ = {isa = PBXFileReference; fileEncoding = 4; lastKnownFileType = sourcecode.c.objc; path = DrawPadUIView.m; sourceTree = "<group>"; };
		9CF979541B842519005D87A7 /* RWDropdownMenu.h */ = {isa = PBXFileReference; fileEncoding = 4; lastKnownFileType = sourcecode.c.h; path = RWDropdownMenu.h; sourceTree = "<group>"; };
		9CF979551B842519005D87A7 /* RWDropdownMenu.m */ = {isa = PBXFileReference; fileEncoding = 4; lastKnownFileType = sourcecode.c.objc; path = RWDropdownMenu.m; sourceTree = "<group>"; };
		9CF979561B842519005D87A7 /* RWDropdownMenuCell.h */ = {isa = PBXFileReference; fileEncoding = 4; lastKnownFileType = sourcecode.c.h; path = RWDropdownMenuCell.h; sourceTree = "<group>"; };
		9CF979571B842519005D87A7 /* RWDropdownMenuCell.m */ = {isa = PBXFileReference; fileEncoding = 4; lastKnownFileType = sourcecode.c.objc; path = RWDropdownMenuCell.m; sourceTree = "<group>"; };
		9CF979581B842519005D87A7 /* RWDropdownMenuTransitionController.h */ = {isa = PBXFileReference; fileEncoding = 4; lastKnownFileType = sourcecode.c.h; path = RWDropdownMenuTransitionController.h; sourceTree = "<group>"; };
		9CF979591B842519005D87A7 /* RWDropdownMenuTransitionController.m */ = {isa = PBXFileReference; fileEncoding = 4; lastKnownFileType = sourcecode.c.objc; path = RWDropdownMenuTransitionController.m; sourceTree = "<group>"; };
/* End PBXFileReference section */

/* Begin PBXFrameworksBuildPhase section */
		9CF979211B82ADB5005D87A7 /* Frameworks */ = {
			isa = PBXFrameworksBuildPhase;
			buildActionMask = 2147483647;
			files = (
			);
			runOnlyForDeploymentPostprocessing = 0;
		};
		9CF9793A1B82ADB5005D87A7 /* Frameworks */ = {
			isa = PBXFrameworksBuildPhase;
			buildActionMask = 2147483647;
			files = (
			);
			runOnlyForDeploymentPostprocessing = 0;
		};
/* End PBXFrameworksBuildPhase section */

/* Begin PBXGroup section */
		9C181D911B85835500713A11 /* ASValueTrackingSlider */ = {
			isa = PBXGroup;
			children = (
				9C181D921B85835500713A11 /* ASValuePopUpView.h */,
				9C181D931B85835500713A11 /* ASValuePopUpView.m */,
				9C181D941B85835500713A11 /* ASValueTrackingSlider.h */,
				9C181D951B85835500713A11 /* ASValueTrackingSlider.m */,
			);
			path = ASValueTrackingSlider;
			sourceTree = "<group>";
		};
		9CF9791B1B82ADB5005D87A7 = {
			isa = PBXGroup;
			children = (
				9CF979261B82ADB5005D87A7 /* GraffitoDrawPadApp */,
				9CF979401B82ADB5005D87A7 /* GraffitoDrawPadAppTests */,
				9CF979251B82ADB5005D87A7 /* Products */,
			);
			sourceTree = "<group>";
		};
		9CF979251B82ADB5005D87A7 /* Products */ = {
			isa = PBXGroup;
			children = (
				9CF979241B82ADB5005D87A7 /* GraffitoDrawPadApp.app */,
				9CF9793D1B82ADB5005D87A7 /* GraffitoDrawPadAppTests.xctest */,
			);
			name = Products;
			sourceTree = "<group>";
		};
		9CF979261B82ADB5005D87A7 /* GraffitoDrawPadApp */ = {
			isa = PBXGroup;
			children = (
				9C181D911B85835500713A11 /* ASValueTrackingSlider */,
				9CF979531B842519005D87A7 /* RWDropdownMenu */,
				9CF9792B1B82ADB5005D87A7 /* AppDelegate.h */,
				9CF9792C1B82ADB5005D87A7 /* AppDelegate.m */,
				9CF9794D1B82B077005D87A7 /* DrawPadViewController.h */,
				9CF9794E1B82B077005D87A7 /* DrawPadViewController.m */,
				9CF979501B82BAD5005D87A7 /* DrawPadUIView.h */,
				9CF979511B82BAD5005D87A7 /* DrawPadUIView.m */,
				9C181D8E1B855A0200713A11 /* BrushMenuViewController.h */,
				9C181D8F1B855A0200713A11 /* BrushMenuViewController.m */,
				9C181D9B1B86A82100713A11 /* GraffitoGadgets.h */,
				9C181D9C1B86A82100713A11 /* GraffitoGadgets.m */,
				9CF979311B82ADB5005D87A7 /* Main.storyboard */,
				9CF979341B82ADB5005D87A7 /* Images.xcassets */,
				9CF979361B82ADB5005D87A7 /* LaunchScreen.xib */,
				9CF979271B82ADB5005D87A7 /* Supporting Files */,
			);
			path = GraffitoDrawPadApp;
			sourceTree = "<group>";
		};
		9CF979271B82ADB5005D87A7 /* Supporting Files */ = {
			isa = PBXGroup;
			children = (
				9CF979281B82ADB5005D87A7 /* Info.plist */,
				9CF979291B82ADB5005D87A7 /* main.m */,
			);
			name = "Supporting Files";
			sourceTree = "<group>";
		};
		9CF979401B82ADB5005D87A7 /* GraffitoDrawPadAppTests */ = {
			isa = PBXGroup;
			children = (
				9CF979431B82ADB5005D87A7 /* GraffitoDrawPadAppTests.m */,
				9CF979411B82ADB5005D87A7 /* Supporting Files */,
			);
			path = GraffitoDrawPadAppTests;
			sourceTree = "<group>";
		};
		9CF979411B82ADB5005D87A7 /* Supporting Files */ = {
			isa = PBXGroup;
			children = (
				9CF979421B82ADB5005D87A7 /* Info.plist */,
			);
			name = "Supporting Files";
			sourceTree = "<group>";
		};
		9CF979531B842519005D87A7 /* RWDropdownMenu */ = {
			isa = PBXGroup;
			children = (
				9CF979541B842519005D87A7 /* RWDropdownMenu.h */,
				9CF979551B842519005D87A7 /* RWDropdownMenu.m */,
				9CF979561B842519005D87A7 /* RWDropdownMenuCell.h */,
				9CF979571B842519005D87A7 /* RWDropdownMenuCell.m */,
				9CF979581B842519005D87A7 /* RWDropdownMenuTransitionController.h */,
				9CF979591B842519005D87A7 /* RWDropdownMenuTransitionController.m */,
			);
			path = RWDropdownMenu;
			sourceTree = "<group>";
		};
/* End PBXGroup section */

/* Begin PBXNativeTarget section */
		9CF979231B82ADB5005D87A7 /* GraffitoDrawPadApp */ = {
			isa = PBXNativeTarget;
			buildConfigurationList = 9CF979471B82ADB5005D87A7 /* Build configuration list for PBXNativeTarget "GraffitoDrawPadApp" */;
			buildPhases = (
				9CF979201B82ADB5005D87A7 /* Sources */,
				9CF979211B82ADB5005D87A7 /* Frameworks */,
				9CF979221B82ADB5005D87A7 /* Resources */,
			);
			buildRules = (
			);
			dependencies = (
			);
			name = GraffitoDrawPadApp;
			productName = GraffitoDrawPadApp;
			productReference = 9CF979241B82ADB5005D87A7 /* GraffitoDrawPadApp.app */;
			productType = "com.apple.product-type.application";
		};
		9CF9793C1B82ADB5005D87A7 /* GraffitoDrawPadAppTests */ = {
			isa = PBXNativeTarget;
			buildConfigurationList = 9CF9794A1B82ADB5005D87A7 /* Build configuration list for PBXNativeTarget "GraffitoDrawPadAppTests" */;
			buildPhases = (
				9CF979391B82ADB5005D87A7 /* Sources */,
				9CF9793A1B82ADB5005D87A7 /* Frameworks */,
				9CF9793B1B82ADB5005D87A7 /* Resources */,
			);
			buildRules = (
			);
			dependencies = (
				9CF9793F1B82ADB5005D87A7 /* PBXTargetDependency */,
			);
			name = GraffitoDrawPadAppTests;
			productName = GraffitoDrawPadAppTests;
			productReference = 9CF9793D1B82ADB5005D87A7 /* GraffitoDrawPadAppTests.xctest */;
			productType = "com.apple.product-type.bundle.unit-test";
		};
/* End PBXNativeTarget section */

/* Begin PBXProject section */
		9CF9791C1B82ADB5005D87A7 /* Project object */ = {
			isa = PBXProject;
			attributes = {
				LastUpgradeCheck = 0640;
				ORGANIZATIONNAME = "TouchCore Logic, LLC";
				TargetAttributes = {
					9CF979231B82ADB5005D87A7 = {
						CreatedOnToolsVersion = 6.4;
						DevelopmentTeam = 3LVCDBLJR5;
					};
					9CF9793C1B82ADB5005D87A7 = {
						CreatedOnToolsVersion = 6.4;
						TestTargetID = 9CF979231B82ADB5005D87A7;
					};
				};
			};
			buildConfigurationList = 9CF9791F1B82ADB5005D87A7 /* Build configuration list for PBXProject "GraffitoDrawPadApp" */;
			compatibilityVersion = "Xcode 3.2";
			developmentRegion = English;
			hasScannedForEncodings = 0;
			knownRegions = (
				en,
				Base,
			);
			mainGroup = 9CF9791B1B82ADB5005D87A7;
			productRefGroup = 9CF979251B82ADB5005D87A7 /* Products */;
			projectDirPath = "";
			projectRoot = "";
			targets = (
				9CF979231B82ADB5005D87A7 /* GraffitoDrawPadApp */,
				9CF9793C1B82ADB5005D87A7 /* GraffitoDrawPadAppTests */,
			);
		};
/* End PBXProject section */

/* Begin PBXResourcesBuildPhase section */
		9CF979221B82ADB5005D87A7 /* Resources */ = {
			isa = PBXResourcesBuildPhase;
			buildActionMask = 2147483647;
			files = (
				9CF979331B82ADB5005D87A7 /* Main.storyboard in Resources */,
				9CF979381B82ADB5005D87A7 /* LaunchScreen.xib in Resources */,
				9CF979351B82ADB5005D87A7 /* Images.xcassets in Resources */,
			);
			runOnlyForDeploymentPostprocessing = 0;
		};
		9CF9793B1B82ADB5005D87A7 /* Resources */ = {
			isa = PBXResourcesBuildPhase;
			buildActionMask = 2147483647;
			files = (
			);
			runOnlyForDeploymentPostprocessing = 0;
		};
/* End PBXResourcesBuildPhase section */

/* Begin PBXSourcesBuildPhase section */
		9CF979201B82ADB5005D87A7 /* Sources */ = {
			isa = PBXSourcesBuildPhase;
			buildActionMask = 2147483647;
			files = (
				9CF9794F1B82B077005D87A7 /* DrawPadViewController.m in Sources */,
				9CF9795A1B842519005D87A7 /* RWDropdownMenu.m in Sources */,
				9CF9795C1B842519005D87A7 /* RWDropdownMenuTransitionController.m in Sources */,
				9CF9792D1B82ADB5005D87A7 /* AppDelegate.m in Sources */,
				9C181D901B855A0200713A11 /* BrushMenuViewController.m in Sources */,
				9CF979521B82BAD5005D87A7 /* DrawPadUIView.m in Sources */,
				9C181D9D1B86A82100713A11 /* GraffitoGadgets.m in Sources */,
				9CF9795B1B842519005D87A7 /* RWDropdownMenuCell.m in Sources */,
				9C181D971B85835500713A11 /* ASValueTrackingSlider.m in Sources */,
				9CF9792A1B82ADB5005D87A7 /* main.m in Sources */,
				9C181D961B85835500713A11 /* ASValuePopUpView.m in Sources */,
			);
			runOnlyForDeploymentPostprocessing = 0;
		};
		9CF979391B82ADB5005D87A7 /* Sources */ = {
			isa = PBXSourcesBuildPhase;
			buildActionMask = 2147483647;
			files = (
				9CF979441B82ADB5005D87A7 /* GraffitoDrawPadAppTests.m in Sources */,
			);
			runOnlyForDeploymentPostprocessing = 0;
		};
/* End PBXSourcesBuildPhase section */

/* Begin PBXTargetDependency section */
		9CF9793F1B82ADB5005D87A7 /* PBXTargetDependency */ = {
			isa = PBXTargetDependency;
			target = 9CF979231B82ADB5005D87A7 /* GraffitoDrawPadApp */;
			targetProxy = 9CF9793E1B82ADB5005D87A7 /* PBXContainerItemProxy */;
		};
/* End PBXTargetDependency section */

/* Begin PBXVariantGroup section */
		9CF979311B82ADB5005D87A7 /* Main.storyboard */ = {
			isa = PBXVariantGroup;
			children = (
				9CF979321B82ADB5005D87A7 /* Base */,
			);
			name = Main.storyboard;
			sourceTree = "<group>";
		};
		9CF979361B82ADB5005D87A7 /* LaunchScreen.xib */ = {
			isa = PBXVariantGroup;
			children = (
				9CF979371B82ADB5005D87A7 /* Base */,
			);
			name = LaunchScreen.xib;
			sourceTree = "<group>";
		};
/* End PBXVariantGroup section */

/* Begin XCBuildConfiguration section */
		9CF979451B82ADB5005D87A7 /* Debug */ = {
			isa = XCBuildConfiguration;
			buildSettings = {
				ALWAYS_SEARCH_USER_PATHS = NO;
				CLANG_CXX_LANGUAGE_STANDARD = "gnu++0x";
				CLANG_CXX_LIBRARY = "libc++";
				CLANG_ENABLE_MODULES = YES;
				CLANG_ENABLE_OBJC_ARC = YES;
				CLANG_WARN_BOOL_CONVERSION = YES;
				CLANG_WARN_CONSTANT_CONVERSION = YES;
				CLANG_WARN_DIRECT_OBJC_ISA_USAGE = YES_ERROR;
				CLANG_WARN_EMPTY_BODY = YES;
				CLANG_WARN_ENUM_CONVERSION = YES;
				CLANG_WARN_INT_CONVERSION = YES;
				CLANG_WARN_OBJC_ROOT_CLASS = YES_ERROR;
				CLANG_WARN_UNREACHABLE_CODE = YES;
				CLANG_WARN__DUPLICATE_METHOD_MATCH = YES;
				"CODE_SIGN_IDENTITY[sdk=iphoneos*]" = "iPhone Developer";
				COPY_PHASE_STRIP = NO;
				DEBUG_INFORMATION_FORMAT = "dwarf-with-dsym";
				ENABLE_STRICT_OBJC_MSGSEND = YES;
				GCC_C_LANGUAGE_STANDARD = gnu99;
				GCC_DYNAMIC_NO_PIC = NO;
				GCC_NO_COMMON_BLOCKS = YES;
				GCC_OPTIMIZATION_LEVEL = 0;
				GCC_PREPROCESSOR_DEFINITIONS = (
					"DEBUG=1",
					"$(inherited)",
				);
				GCC_SYMBOLS_PRIVATE_EXTERN = NO;
				GCC_WARN_64_TO_32_BIT_CONVERSION = YES;
				GCC_WARN_ABOUT_RETURN_TYPE = YES_ERROR;
				GCC_WARN_UNDECLARED_SELECTOR = YES;
				GCC_WARN_UNINITIALIZED_AUTOS = YES_AGGRESSIVE;
				GCC_WARN_UNUSED_FUNCTION = YES;
				GCC_WARN_UNUSED_VARIABLE = YES;
				IPHONEOS_DEPLOYMENT_TARGET = 8.4;
				MTL_ENABLE_DEBUG_INFO = YES;
				ONLY_ACTIVE_ARCH = YES;
				SDKROOT = iphoneos;
				TARGETED_DEVICE_FAMILY = "1,2";
			};
			name = Debug;
		};
		9CF979461B82ADB5005D87A7 /* Release */ = {
			isa = XCBuildConfiguration;
			buildSettings = {
				ALWAYS_SEARCH_USER_PATHS = NO;
				CLANG_CXX_LANGUAGE_STANDARD = "gnu++0x";
				CLANG_CXX_LIBRARY = "libc++";
				CLANG_ENABLE_MODULES = YES;
				CLANG_ENABLE_OBJC_ARC = YES;
				CLANG_WARN_BOOL_CONVERSION = YES;
				CLANG_WARN_CONSTANT_CONVERSION = YES;
				CLANG_WARN_DIRECT_OBJC_ISA_USAGE = YES_ERROR;
				CLANG_WARN_EMPTY_BODY = YES;
				CLANG_WARN_ENUM_CONVERSION = YES;
				CLANG_WARN_INT_CONVERSION = YES;
				CLANG_WARN_OBJC_ROOT_CLASS = YES_ERROR;
				CLANG_WARN_UNREACHABLE_CODE = YES;
				CLANG_WARN__DUPLICATE_METHOD_MATCH = YES;
				"CODE_SIGN_IDENTITY[sdk=iphoneos*]" = "iPhone Developer";
				COPY_PHASE_STRIP = NO;
				DEBUG_INFORMATION_FORMAT = "dwarf-with-dsym";
				ENABLE_NS_ASSERTIONS = NO;
				ENABLE_STRICT_OBJC_MSGSEND = YES;
				GCC_C_LANGUAGE_STANDARD = gnu99;
				GCC_NO_COMMON_BLOCKS = YES;
				GCC_WARN_64_TO_32_BIT_CONVERSION = YES;
				GCC_WARN_ABOUT_RETURN_TYPE = YES_ERROR;
				GCC_WARN_UNDECLARED_SELECTOR = YES;
				GCC_WARN_UNINITIALIZED_AUTOS = YES_AGGRESSIVE;
				GCC_WARN_UNUSED_FUNCTION = YES;
				GCC_WARN_UNUSED_VARIABLE = YES;
				IPHONEOS_DEPLOYMENT_TARGET = 8.4;
				MTL_ENABLE_DEBUG_INFO = NO;
				SDKROOT = iphoneos;
				TARGETED_DEVICE_FAMILY = "1,2";
				VALIDATE_PRODUCT = YES;
			};
			name = Release;
		};
		9CF979481B82ADB5005D87A7 /* Debug */ = {
			isa = XCBuildConfiguration;
			buildSettings = {
				ASSETCATALOG_COMPILER_APPICON_NAME = AppIcon;
				CODE_SIGN_IDENTITY = "iPhone Developer";
				INFOPLIST_FILE = GraffitoDrawPadApp/Info.plist;
				IPHONEOS_DEPLOYMENT_TARGET = 8.2;
				LD_RUNPATH_SEARCH_PATHS = "$(inherited) @executable_path/Frameworks";
				PRODUCT_MODULE_NAME = GraffitoDrawPadApp;
				PRODUCT_NAME = GraffitoDrawPadApp;
			};
			name = Debug;
		};
		9CF979491B82ADB5005D87A7 /* Release */ = {
			isa = XCBuildConfiguration;
			buildSettings = {
				ASSETCATALOG_COMPILER_APPICON_NAME = AppIcon;
				CODE_SIGN_IDENTITY = "iPhone Developer";
				INFOPLIST_FILE = GraffitoDrawPadApp/Info.plist;
				IPHONEOS_DEPLOYMENT_TARGET = 8.2;
				LD_RUNPATH_SEARCH_PATHS = "$(inherited) @executable_path/Frameworks";
				PRODUCT_MODULE_NAME = GraffitoDrawPadApp;
				PRODUCT_NAME = GraffitoDrawPadApp;
			};
			name = Release;
		};
		9CF9794B1B82ADB5005D87A7 /* Debug */ = {
			isa = XCBuildConfiguration;
			buildSettings = {
				BUNDLE_LOADER = "$(TEST_HOST)";
				FRAMEWORK_SEARCH_PATHS = (
					"$(SDKROOT)/Developer/Library/Frameworks",
					"$(inherited)",
				);
				GCC_PREPROCESSOR_DEFINITIONS = (
					"DEBUG=1",
					"$(inherited)",
				);
				INFOPLIST_FILE = GraffitoDrawPadAppTests/Info.plist;
				LD_RUNPATH_SEARCH_PATHS = "$(inherited) @executable_path/Frameworks @loader_path/Frameworks";
				PRODUCT_NAME = "$(TARGET_NAME)";
				TEST_HOST = "$(BUILT_PRODUCTS_DIR)/GraffitoDrawPadApp.app/GraffitoDrawPadApp";
			};
			name = Debug;
		};
		9CF9794C1B82ADB5005D87A7 /* Release */ = {
			isa = XCBuildConfiguration;
			buildSettings = {
				BUNDLE_LOADER = "$(TEST_HOST)";
				FRAMEWORK_SEARCH_PATHS = (
					"$(SDKROOT)/Developer/Library/Frameworks",
					"$(inherited)",
				);
				INFOPLIST_FILE = GraffitoDrawPadAppTests/Info.plist;
				LD_RUNPATH_SEARCH_PATHS = "$(inherited) @executable_path/Frameworks @loader_path/Frameworks";
				PRODUCT_NAME = "$(TARGET_NAME)";
				TEST_HOST = "$(BUILT_PRODUCTS_DIR)/GraffitoDrawPadApp.app/GraffitoDrawPadApp";
			};
			name = Release;
		};
/* End XCBuildConfiguration section */

/* Begin XCConfigurationList section */
		9CF9791F1B82ADB5005D87A7 /* Build configuration list for PBXProject "GraffitoDrawPadApp" */ = {
			isa = XCConfigurationList;
			buildConfigurations = (
				9CF979451B82ADB5005D87A7 /* Debug */,
				9CF979461B82ADB5005D87A7 /* Release */,
			);
			defaultConfigurationIsVisible = 0;
			defaultConfigurationName = Release;
		};
		9CF979471B82ADB5005D87A7 /* Build configuration list for PBXNativeTarget "GraffitoDrawPadApp" */ = {
			isa = XCConfigurationList;
			buildConfigurations = (
				9CF979481B82ADB5005D87A7 /* Debug */,
				9CF979491B82ADB5005D87A7 /* Release */,
			);
			defaultConfigurationIsVisible = 0;
			defaultConfigurationName = Release;
		};
		9CF9794A1B82ADB5005D87A7 /* Build configuration list for PBXNativeTarget "GraffitoDrawPadAppTests" */ = {
			isa = XCConfigurationList;
			buildConfigurations = (
				9CF9794B1B82ADB5005D87A7 /* Debug */,
				9CF9794C1B82ADB5005D87A7 /* Release */,
			);
			defaultConfigurationIsVisible = 0;
			defaultConfigurationName = Release;
		};
/* End XCConfigurationList section */
	};
	rootObject = 9CF9791C1B82ADB5005D87A7 /* Project object */;
}
